
Microsoft Visual Studio Solution File, Format Version 12.00
# Visual Studio Version 17
VisualStudioVersion = 17.2.32602.215
MinimumVisualStudioVersion = 10.0.40219.1
Project("{FAE04EC0-301F-11D3-BF4B-00C04F79EFBC}") = "ProjectTracker.API", "ProjectTracker.API\ProjectTracker.API.csproj", "{B13ACFAA-E178-4574-9AE3-CC3CF67FAE3C}"
EndProject
Project("{FAE04EC0-301F-11D3-BF4B-00C04F79EFBC}") = "ProjectTracker.Domain", "ProjectTracker.Domain\ProjectTracker.Domain.csproj", "{3DE7C22A-23CD-4F74-A1F0-15A698BF840E}"
EndProject
Project("{FAE04EC0-301F-11D3-BF4B-00C04F79EFBC}") = "ProjectTracker.Business", "ProjectTracker.Business\ProjectTracker.Business.csproj", "{25CAFE5B-C543-437A-A316-59D316AB772E}"
EndProject
Project("{FAE04EC0-301F-11D3-BF4B-00C04F79EFBC}") = "ProjectTracker.Dtos", "ProjectTracker.Dtos\ProjectTracker.Dtos.csproj", "{9057A7C6-E2C1-48C3-9BC3-BE553529E615}"
EndProject
Project("{FAE04EC0-301F-11D3-BF4B-00C04F79EFBC}") = "ProjectTracker.DataAccess", "ProjectTracker.DataAccess\ProjectTracker.DataAccess.csproj", "{30007C21-4F0D-4289-8DC7-964052D67672}"
EndProject
Global
	GlobalSection(SolutionConfigurationPlatforms) = preSolution
		Debug|Any CPU = Debug|Any CPU
		Release|Any CPU = Release|Any CPU
	EndGlobalSection
	GlobalSection(ProjectConfigurationPlatforms) = postSolution
		{B13ACFAA-E178-4574-9AE3-CC3CF67FAE3C}.Debug|Any CPU.ActiveCfg = Debug|Any CPU
		{B13ACFAA-E178-4574-9AE3-CC3CF67FAE3C}.Debug|Any CPU.Build.0 = Debug|Any CPU
		{B13ACFAA-E178-4574-9AE3-CC3CF67FAE3C}.Release|Any CPU.ActiveCfg = Release|Any CPU
		{B13ACFAA-E178-4574-9AE3-CC3CF67FAE3C}.Release|Any CPU.Build.0 = Release|Any CPU
		{3DE7C22A-23CD-4F74-A1F0-15A698BF840E}.Debug|Any CPU.ActiveCfg = Debug|Any CPU
		{3DE7C22A-23CD-4F74-A1F0-15A698BF840E}.Debug|Any CPU.Build.0 = Debug|Any CPU
		{3DE7C22A-23CD-4F74-A1F0-15A698BF840E}.Release|Any CPU.ActiveCfg = Release|Any CPU
		{3DE7C22A-23CD-4F74-A1F0-15A698BF840E}.Release|Any CPU.Build.0 = Release|Any CPU
		{25CAFE5B-C543-437A-A316-59D316AB772E}.Debug|Any CPU.ActiveCfg = Debug|Any CPU
		{25CAFE5B-C543-437A-A316-59D316AB772E}.Debug|Any CPU.Build.0 = Debug|Any CPU
		{25CAFE5B-C543-437A-A316-59D316AB772E}.Release|Any CPU.ActiveCfg = Release|Any CPU
		{25CAFE5B-C543-437A-A316-59D316AB772E}.Release|Any CPU.Build.0 = Release|Any CPU
		{9057A7C6-E2C1-48C3-9BC3-BE553529E615}.Debug|Any CPU.ActiveCfg = Debug|Any CPU
		{9057A7C6-E2C1-48C3-9BC3-BE553529E615}.Debug|Any CPU.Build.0 = Debug|Any CPU
		{9057A7C6-E2C1-48C3-9BC3-BE553529E615}.Release|Any CPU.ActiveCfg = Release|Any CPU
		{9057A7C6-E2C1-48C3-9BC3-BE553529E615}.Release|Any CPU.Build.0 = Release|Any CPU
		{30007C21-4F0D-4289-8DC7-964052D67672}.Debug|Any CPU.ActiveCfg = Debug|Any CPU
		{30007C21-4F0D-4289-8DC7-964052D67672}.Debug|Any CPU.Build.0 = Debug|Any CPU
		{30007C21-4F0D-4289-8DC7-964052D67672}.Release|Any CPU.ActiveCfg = Release|Any CPU
		{30007C21-4F0D-4289-8DC7-964052D67672}.Release|Any CPU.Build.0 = Release|Any CPU
	EndGlobalSection
	GlobalSection(SolutionProperties) = preSolution
		HideSolutionNode = FALSE
	EndGlobalSection
	GlobalSection(ExtensibilityGlobals) = postSolution
		SolutionGuid = {B5D650C6-3FDC-435E-9A7F-519BFDA75EB3}
	EndGlobalSection
EndGlobal
